
Microsoft Visual Studio Solution File, Format Version 12.00
# Visual Studio Version 17
VisualStudioVersion = 17.14.36429.23 d17.14
MinimumVisualStudioVersion = 10.0.40219.1
Project("{FAE04EC0-301F-11D3-BF4B-00C04F79EFBC}") = "Windows Security Patcher", "Windows Security Patcher\Windows Security Patcher.csproj", "{2E3C29C6-E6CF-4806-A10A-9881D3D90C94}"
EndProject
Global
	GlobalSection(SolutionConfigurationPlatforms) = preSolution
		Debug|Any CPU = Debug|Any CPU
		Release|Any CPU = Release|Any CPU
	EndGlobalSection
	GlobalSection(ProjectConfigurationPlatforms) = postSolution
		{2E3C29C6-E6CF-4806-A10A-9881D3D90C94}.Debug|Any CPU.ActiveCfg = Debug|Any CPU
		{2E3C29C6-E6CF-4806-A10A-9881D3D90C94}.Debug|Any CPU.Build.0 = Debug|Any CPU
		{2E3C29C6-E6CF-4806-A10A-9881D3D90C94}.Release|Any CPU.ActiveCfg = Release|Any CPU
		{2E3C29C6-E6CF-4806-A10A-9881D3D90C94}.Release|Any CPU.Build.0 = Release|Any CPU
	EndGlobalSection
	GlobalSection(SolutionProperties) = preSolution
		HideSolutionNode = FALSE
	EndGlobalSection
	GlobalSection(ExtensibilityGlobals) = postSolution
		SolutionGuid = {5E00F5DA-DB71-4FAB-B9BC-8AF8B5C76289}
	EndGlobalSection
EndGlobal
